<?xml version="1.0" encoding="utf-8"?>
<Project ToolsVersion="4.0" xmlns="http://schemas.microsoft.com/developer/msbuild/2003">
  <ItemGroup>
    <Filter Include="Source Files">
      <UniqueIdentifier>{4FC737F1-C7A5-4376-A066-2A32D752A2FF}</UniqueIdentifier>
      <Extensions>cpp;c;cc;cxx;def;odl;idl;hpj;bat;asm;asmx</Extensions>
    </Filter>
    <Filter Include="Header Files">
      <UniqueIdentifier>{93995380-89BD-4b04-88EB-625FBE52EBFB}</UniqueIdentifier>
      <Extensions>h;hh;hpp;hxx;hm;inl;inc;xsd</Extensions>
    </Filter>
    <Filter Include="Resource Files">
      <UniqueIdentifier>{67DA6AB6-F800-4c08-8B7A-83BB121AAD01}</UniqueIdentifier>
      <Extensions>rc;ico;cur;bmp;dlg;rc2;rct;bin;rgs;gif;jpg;jpeg;jpe;resx;tiff;tif;png;wav</Extensions>
    </Filter>
    <Filter Include="Assets">
      <UniqueIdentifier>{23d72d6f-0b61-491b-b19b-0655462f0a0c}</UniqueIdentifier>
    </Filter>
  </ItemGroup>
  <ItemGroup>
    <ClCompile Include="DeviceResources.cpp">
      <Filter>Source Files</Filter>
    </ClCompile>
    <ClCompile Include="Game.cpp">
      <Filter>Source Files</Filter>
    </ClCompile>
    <ClCompile Include="HAUtils.cpp">
      <Filter>Source Files</Filter>
    </ClCompile>
    <ClCompile Include="LogWindow.cpp">
      <Filter>Source Files</Filter>
    </ClCompile>
    <ClCompile Include="Main.cpp">
      <Filter>Source Files</Filter>
    </ClCompile>
    <ClCompile Include="NonVolatile.cpp">
      <Filter>Source Files</Filter>
    </ClCompile>
    <ClCompile Include="pch.cpp">
      <Filter>Source Files</Filter>
    </ClCompile>
    <ClCompile Include="Sidebar.cpp">
      <Filter>Source Files</Filter>
    </ClCompile>
    <ClCompile Include="SidebarContent.cpp">
      <Filter>Source Files</Filter>
    </ClCompile>
    <ClCompile Include="SidebarManager.cpp">
      <Filter>Source Files</Filter>
    </ClCompile>
    <ClCompile Include="emulator\AppleWin.cpp">
      <Filter>Source Files</Filter>
    </ClCompile>
    <ClCompile Include="emulator\AY8910.cpp">
      <Filter>Source Files</Filter>
    </ClCompile>
    <ClCompile Include="emulator\CardManager.cpp">
      <Filter>Source Files</Filter>
    </ClCompile>
    <ClCompile Include="emulator\CPU.cpp">
      <Filter>Source Files</Filter>
    </ClCompile>
    <ClCompile Include="emulator\DiskImage.cpp">
      <Filter>Source Files</Filter>
    </ClCompile>
    <ClCompile Include="emulator\DiskImageHelper.cpp">
      <Filter>Source Files</Filter>
    </ClCompile>
    <ClCompile Include="emulator\Joystick.cpp">
      <Filter>Source Files</Filter>
    </ClCompile>
    <ClCompile Include="emulator\Keyboard.cpp">
      <Filter>Source Files</Filter>
    </ClCompile>
    <ClCompile Include="emulator\LanguageCard.cpp">
      <Filter>Source Files</Filter>
    </ClCompile>
    <ClCompile Include="emulator\Memory.cpp">
      <Filter>Source Files</Filter>
    </ClCompile>
    <ClCompile Include="emulator\Mockingboard.cpp">
      <Filter>Source Files</Filter>
    </ClCompile>
    <ClCompile Include="emulator\NoSlotClock.cpp">
      <Filter>Source Files</Filter>
    </ClCompile>
    <ClCompile Include="emulator\NTSC.cpp">
      <Filter>Source Files</Filter>
    </ClCompile>
    <ClCompile Include="emulator\NTSC_CharSet.cpp">
      <Filter>Source Files</Filter>
    </ClCompile>
    <ClCompile Include="emulator\RGBMonitor.cpp">
      <Filter>Source Files</Filter>
    </ClCompile>
    <ClCompile Include="emulator\SoundCore.cpp">
      <Filter>Source Files</Filter>
    </ClCompile>
    <ClCompile Include="emulator\Speaker.cpp">
      <Filter>Source Files</Filter>
    </ClCompile>
    <ClCompile Include="emulator\SynchronousEventManager.cpp">
      <Filter>Source Files</Filter>
    </ClCompile>
    <ClCompile Include="emulator\Video.cpp">
      <Filter>Source Files</Filter>
    </ClCompile>
    <ClCompile Include="remotecontrol\Gamelink.cpp">
      <Filter>Source Files</Filter>
    </ClCompile>
    <ClCompile Include="remotecontrol\RemoteControlManager.cpp">
      <Filter>Source Files</Filter>
    </ClCompile>
    <ClCompile Include="Emulator\Disk.cpp">
      <Filter>Source Files</Filter>
    </ClCompile>
    <ClCompile Include="Emulator\Disk2CardManager.cpp">
      <Filter>Source Files</Filter>
    </ClCompile>
    <ClCompile Include="Emulator\DiskFormatTrack.cpp">
      <Filter>Source Files</Filter>
    </ClCompile>
    <ClCompile Include="DeathlordHacks.cpp">
      <Filter>Source Files</Filter>
    </ClCompile>
    <ClCompile Include="TilesetCreator.cpp">
      <Filter>Source Files</Filter>
    </ClCompile>
  </ItemGroup>
  <ItemGroup>
    <ClInclude Include="ATGColors.h">
      <Filter>Header Files</Filter>
    </ClInclude>
    <ClInclude Include="d3dx12.h">
      <Filter>Header Files</Filter>
    </ClInclude>
    <ClInclude Include="DeviceResources.h">
      <Filter>Header Files</Filter>
    </ClInclude>
    <ClInclude Include="FindMedia.h">
      <Filter>Header Files</Filter>
    </ClInclude>
    <ClInclude Include="Game.h">
      <Filter>Header Files</Filter>
    </ClInclude>
    <ClInclude Include="HAUtils.h">
      <Filter>Header Files</Filter>
    </ClInclude>
    <ClInclude Include="LogWindow.h">
      <Filter>Header Files</Filter>
    </ClInclude>
    <ClInclude Include="NonVolatile.h">
      <Filter>Header Files</Filter>
    </ClInclude>
    <ClInclude Include="pch.h">
      <Filter>Header Files</Filter>
    </ClInclude>
    <ClInclude Include="ReadData.h">
      <Filter>Header Files</Filter>
    </ClInclude>
    <ClInclude Include="resource.h">
      <Filter>Header Files</Filter>
    </ClInclude>
    <ClInclude Include="Sidebar.h">
      <Filter>Header Files</Filter>
    </ClInclude>
    <ClInclude Include="SidebarContent.h">
      <Filter>Header Files</Filter>
    </ClInclude>
    <ClInclude Include="SidebarManager.h">
      <Filter>Header Files</Filter>
    </ClInclude>
    <ClInclude Include="StepTimer.h">
      <Filter>Header Files</Filter>
    </ClInclude>
    <ClInclude Include="targetver.h">
      <Filter>Header Files</Filter>
    </ClInclude>
    <ClInclude Include="emulator\AppleWin.h">
      <Filter>Header Files</Filter>
    </ClInclude>
    <ClInclude Include="emulator\AY8910.h">
      <Filter>Header Files</Filter>
    </ClInclude>
    <ClInclude Include="emulator\Card.h">
      <Filter>Header Files</Filter>
    </ClInclude>
    <ClInclude Include="emulator\CardManager.h">
      <Filter>Header Files</Filter>
    </ClInclude>
    <ClInclude Include="emulator\Common.h">
      <Filter>Header Files</Filter>
    </ClInclude>
    <ClInclude Include="emulator\CPU.h">
      <Filter>Header Files</Filter>
    </ClInclude>
    <ClInclude Include="emulator\DiskDefs.h">
      <Filter>Header Files</Filter>
    </ClInclude>
    <ClInclude Include="emulator\DiskImage.h">
      <Filter>Header Files</Filter>
    </ClInclude>
    <ClInclude Include="emulator\DiskImageHelper.h">
      <Filter>Header Files</Filter>
    </ClInclude>
    <ClInclude Include="emulator\Joystick.h">
      <Filter>Header Files</Filter>
    </ClInclude>
    <ClInclude Include="emulator\Keyboard.h">
      <Filter>Header Files</Filter>
    </ClInclude>
    <ClInclude Include="emulator\LanguageCard.h">
      <Filter>Header Files</Filter>
    </ClInclude>
    <ClInclude Include="emulator\Memory.h">
      <Filter>Header Files</Filter>
    </ClInclude>
    <ClInclude Include="emulator\Mockingboard.h">
      <Filter>Header Files</Filter>
    </ClInclude>
    <ClInclude Include="emulator\NoSlotClock.h">
      <Filter>Header Files</Filter>
    </ClInclude>
    <ClInclude Include="emulator\NTSC.h">
      <Filter>Header Files</Filter>
    </ClInclude>
    <ClInclude Include="emulator\NTSC_CharSet.h">
      <Filter>Header Files</Filter>
    </ClInclude>
    <ClInclude Include="emulator\RGBMonitor.h">
      <Filter>Header Files</Filter>
    </ClInclude>
    <ClInclude Include="emulator\SoundCore.h">
      <Filter>Header Files</Filter>
    </ClInclude>
    <ClInclude Include="emulator\Speaker.h">
      <Filter>Header Files</Filter>
    </ClInclude>
    <ClInclude Include="emulator\SSI263Phonemes.h">
      <Filter>Header Files</Filter>
    </ClInclude>
    <ClInclude Include="emulator\SynchronousEventManager.h">
      <Filter>Header Files</Filter>
    </ClInclude>
    <ClInclude Include="emulator\Video.h">
      <Filter>Header Files</Filter>
    </ClInclude>
    <ClInclude Include="emulator\cpu\cpu6502.h">
      <Filter>Header Files</Filter>
    </ClInclude>
    <ClInclude Include="emulator\cpu\cpu65C02.h">
      <Filter>Header Files</Filter>
    </ClInclude>
    <ClInclude Include="remotecontrol\Gamelink.h">
      <Filter>Header Files</Filter>
    </ClInclude>
    <ClInclude Include="remotecontrol\RemoteControlManager.h">
      <Filter>Header Files</Filter>
    </ClInclude>
    <ClInclude Include="Emulator\Disk2CardManager.h">
      <Filter>Header Files</Filter>
    </ClInclude>
    <ClInclude Include="Emulator\DiskFormatTrack.h">
      <Filter>Header Files</Filter>
    </ClInclude>
    <ClInclude Include="Emulator\DiskLog.h">
      <Filter>Header Files</Filter>
    </ClInclude>
    <ClInclude Include="Emulator\Disk.h">
      <Filter>Header Files</Filter>
    </ClInclude>
    <ClInclude Include="libyaml\win32\config.h">
      <Filter>Header Files</Filter>
    </ClInclude>
    <ClInclude Include="DeathlordHacks.h">
      <Filter>Header Files</Filter>
    </ClInclude>
    <ClInclude Include="TilesetCreator.h">
      <Filter>Header Files</Filter>
    </ClInclude>
  </ItemGroup>
  <ItemGroup>
    <None Include="emulator\cpu\cpu_general.inl">
      <Filter>Header Files</Filter>
    </None>
    <None Include="emulator\cpu\cpu_heatmap.inl">
      <Filter>Header Files</Filter>
    </None>
    <None Include="emulator\cpu\cpu_instructions.inl">
      <Filter>Header Files</Filter>
    </None>
    <None Include="emulator\resources\Hddrvr.bin">
      <Filter>Resource Files</Filter>
    </None>
    <None Include="Assets\a2-12pt.spritefont">
      <Filter>Assets</Filter>
    </None>
    <None Include="packages.config" />
    <None Include="Emulator\Resources\Apple2e_Enhanced.rom">
      <Filter>Resource Files</Filter>
    </None>
    <None Include="Emulator\Resources\Mockingboard-D.rom">
      <Filter>Resource Files</Filter>
    </None>
    <None Include="Emulator\Resources\DISK2.rom">
      <Filter>Resource Files</Filter>
    </None>
    <None Include="Profiles\_Empty.json">
      <Filter>Assets</Filter>
    </None>
    <None Include="Profiles\_Profiles_Schema.json">
      <Filter>Assets</Filter>
    </None>
    <None Include="Assets\a2-12pt-italic.spritefont">
      <Filter>Assets</Filter>
    </None>
    <None Include="Assets\a2-12pt-bold.spritefont">
      <Filter>Assets</Filter>
    </None>
    <None Include="Assets\a2-12pt-bolditalic.spritefont">
      <Filter>Assets</Filter>
    </None>
    <None Include="Profiles\Deathlord_Default.json">
      <Filter>Assets</Filter>
    </None>
  </ItemGroup>
  <ItemGroup>
    <ResourceCompile Include="resource.rc">
      <Filter>Resource Files</Filter>
    </ResourceCompile>
  </ItemGroup>
  <ItemGroup>
    <Image Include="Assets\Background.jpg">
      <Filter>Assets</Filter>
    </Image>
    <Image Include="DeathlordCompanion.ico">
      <Filter>Assets</Filter>
    </Image>
    <Image Include="Emulator\Resources\CHARSET4.BMP">
      <Filter>Resource Files</Filter>
    </Image>
    <Image Include="Emulator\Resources\CHARSET8C.bmp">
      <Filter>Resource Files</Filter>
    </Image>
    <Image Include="Emulator\Resources\CHARSET8M.bmp">
      <Filter>Resource Files</Filter>
    </Image>
    <Image Include="Emulator\Resources\CHARSET82.bmp">
      <Filter>Resource Files</Filter>
    </Image>
    <Image Include="emulator\resources\icon1.ico">
      <Filter>Resource Files</Filter>
    </Image>
  </ItemGroup>
  <ItemGroup>
    <FxCompile Include="Assets\PixelShader.hlsl">
      <Filter>Assets</Filter>
    </FxCompile>
    <FxCompile Include="Assets\VertexShader.hlsl">
      <Filter>Assets</Filter>
    </FxCompile>
  </ItemGroup>
  <ItemGroup>
    <Xml Include="Profiles\Grid Cartographer Profiles\Deathlord Companion.xml">
      <Filter>Assets</Filter>
    </Xml>
  </ItemGroup>
</Project>